
Microsoft Visual Studio Solution File, Format Version 12.00
# Visual Studio 2013
VisualStudioVersion = 12.0.31101.0
MinimumVisualStudioVersion = 10.0.40219.1
Project("{FAE04EC0-301F-11D3-BF4B-00C04F79EFBC}") = "Product_23527.Objects", "Objects\Product_23527.Objects.csproj", "{00F49F0D-D3D9-41CD-93B7-C0F69DD83DF5}"
EndProject
Project("{FAE04EC0-301F-11D3-BF4B-00C04F79EFBC}") = "Product_23527.ODataBackend", "ODataBackend\Product_23527.ODataBackend.csproj", "{4926F646-7BAE-4956-902E-CB9B1C596E54}"
EndProject
Global
	GlobalSection(SolutionConfigurationPlatforms) = preSolution
Debug|Any CPU = Debug|Any CPU
Release|Any CPU = Release|Any CPU
	EndGlobalSection
	GlobalSection(ProjectConfigurationPlatforms) = postSolution
		{00F49F0D-D3D9-41CD-93B7-C0F69DD83DF5}.Debug|Any CPU.ActiveCfg = Debug|Any CPU
		{00F49F0D-D3D9-41CD-93B7-C0F69DD83DF5}.Debug|Any CPU.Build.0 = Debug|Any CPU
		{00F49F0D-D3D9-41CD-93B7-C0F69DD83DF5}.Release|Any CPU.ActiveCfg = Release|Any CPU
		{00F49F0D-D3D9-41CD-93B7-C0F69DD83DF5}.Release|Any CPU.Build.0 = Release|Any CPU
		{4926F646-7BAE-4956-902E-CB9B1C596E54}.Debug|Any CPU.ActiveCfg = Debug|Any CPU
		{4926F646-7BAE-4956-902E-CB9B1C596E54}.Debug|Any CPU.Build.0 = Debug|Any CPU
		{4926F646-7BAE-4956-902E-CB9B1C596E54}.Release|Any CPU.ActiveCfg = Release|Any CPU
		{4926F646-7BAE-4956-902E-CB9B1C596E54}.Release|Any CPU.Build.0 = Release|Any CPU
	EndGlobalSection
	GlobalSection(SolutionProperties) = preSolution
		HideSolutionNode = FALSE
	EndGlobalSection
EndGlobal
